Microsoft Visual Studio Solution File, Format Version 12.00
# Visual Studio 15
VisualStudioVersion = 15.0.27703.2035
MinimumVisualStudioVersion = 10.0.40219.1
Project("{9A19103F-16F7-4668-BE54-9A1E7A4F7556}") = "Sampler.CQRS.Core", "Sampler.CQRS.Core\Sampler.CQRS.Core.csproj", "{1FD91CD4-938A-4786-BE1A-EEF0BB077944}"
EndProject
Project("{2150E333-8FDC-42A3-9474-1A3956D46DE8}") = "001.Core", "001.Core", "{0C61FA1B-8275-4837-9CC1-B7B17A9DA957}"
EndProject
Project("{2150E333-8FDC-42A3-9474-1A3956D46DE8}") = "008.Web", "008.Web", "{5C07F565-B8DE-4348-B965-B6E1151745CE}"
EndProject
Project("{9A19103F-16F7-4668-BE54-9A1E7A4F7556}") = "Sampler.CQRS.Web", "Sampler.CQRS.Web\Sampler.CQRS.Web.csproj", "{C683AFDD-F62C-4634-91D8-D1152EE480BC}"
EndProject
Project("{9A19103F-16F7-4668-BE54-9A1E7A4F7556}") = "Sampler.CQRS.Core.Tests", "Sampler.CQRS.Core.Tests\Sampler.CQRS.Core.Tests.csproj", "{44B5EC66-C77D-4C4C-A38F-6BD29D1D5915}"
EndProject
Project("{2150E333-8FDC-42A3-9474-1A3956D46DE8}") = "004.Data", "004.Data", "{D42062F2-55F5-46D5-B631-09FF06964A5A}"
EndProject
Project("{9A19103F-16F7-4668-BE54-9A1E7A4F7556}") = "Sampler.CQRS.Data", "Sampler.CQRS.Data\Sampler.CQRS.Data.csproj", "{5DF9A962-AFA7-4C15-8933-A03E01B093F4}"
EndProject
Project("{2150E333-8FDC-42A3-9474-1A3956D46DE8}") = "003.Migrations", "003.Migrations", "{566E861A-2F31-46A0-B1C0-5317F2C368D3}"
EndProject
Project("{9A19103F-16F7-4668-BE54-9A1E7A4F7556}") = "Sampler.CQRS.Migrations", "Sampler.CQRS.Migrations\Sampler.CQRS.Migrations.csproj", "{06A28977-2886-4D08-8EED-CFF4D32794CE}"
EndProject
Project("{2150E333-8FDC-42A3-9474-1A3956D46DE8}") = "002.Source", "002.Source", "{C47DE8E5-D6B1-4B17-91E4-E03944E0A9F9}"
EndProject
Project("{9A19103F-16F7-4668-BE54-9A1E7A4F7556}") = "Sampler.CQRS.Source", "Sampler.CQRS.Source\Sampler.CQRS.Source.csproj", "{EDA6451F-F0AC-4430-B2B9-2F8BD52D0BB7}"
EndProject
Project("{9A19103F-16F7-4668-BE54-9A1E7A4F7556}") = "Sampler.CQRS.Source.Test", "Sampler.CQRS.Source.Test\Sampler.CQRS.Source.Test.csproj", "{6314D47B-FD94-42D8-948B-3BD507BE1EE3}"
EndProject
Project("{9A19103F-16F7-4668-BE54-9A1E7A4F7556}") = "Sampler.CQRS.Data.Test", "Sampler.CQRS.Data.Test\Sampler.CQRS.Data.Test.csproj", "{81FF2DC0-3333-4CFF-85D9-6AE16E23C7CC}"
EndProject
Project("{9A19103F-16F7-4668-BE54-9A1E7A4F7556}") = "Sampler.CQRS.Migrations.Test", "Sampler.CQRS.Migrations.Test\Sampler.CQRS.Migrations.Test.csproj", "{CE6153EC-CDFF-42CA-986F-D791BF86F375}"
EndProject
Project("{9A19103F-16F7-4668-BE54-9A1E7A4F7556}") = "Sampler.CQRS.Web.Test", "Sampler.CQRS.Web.Test\Sampler.CQRS.Web.Test.csproj", "{91C67298-9300-4BC3-9376-8420B4B2E955}"
EndProject
Project("{2150E333-8FDC-42A3-9474-1A3956D46DE8}") = "007.Messaging", "007.Messaging", "{D93017C2-5F38-40EA-9E9D-6665336B0959}"
EndProject
Project("{9A19103F-16F7-4668-BE54-9A1E7A4F7556}") = "Sampler.CQRS.Messaging", "Sampler.CQRS.Messaging\Sampler.CQRS.Messaging.csproj", "{2C49073A-B8CF-42B9-9BF9-2DC4D6CD219F}"
EndProject
Project("{9A19103F-16F7-4668-BE54-9A1E7A4F7556}") = "Sampler.CQRS.Messaging.Test", "Sampler.CQRS.Messaging.Test\Sampler.CQRS.Messaging.Test.csproj", "{48458855-E819-4744-ADF9-676D380E0AE8}"
EndProject
Project("{2150E333-8FDC-42A3-9474-1A3956D46DE8}") = "006.Read.Caching", "006.Read.Caching", "{E18C9D92-C63F-414E-B6CB-BFDCDEE14CE9}"
EndProject
Project("{9A19103F-16F7-4668-BE54-9A1E7A4F7556}") = "Sampler.CQRS.Caching", "Sampler.CQRS.Caching\Sampler.CQRS.Caching.csproj", "{4DB19A9A-AEBB-4024-B660-8F1DDCC6D459}"
EndProject
Project("{9A19103F-16F7-4668-BE54-9A1E7A4F7556}") = "Sampler.CQRS.Caching.Test", "Sampler.CQRS.Caching.Test\Sampler.CQRS.Caching.Test.csproj", "{33C69A7D-F49D-460F-A0C9-16A6E741BA9A}"
EndProject
Project("{2150E333-8FDC-42A3-9474-1A3956D46DE8}") = "005.Write.Handlers", "005.Write.Handlers", "{523E4A88-9CA4-4A49-99B7-E765373AF9FA}"
EndProject
Project("{9A19103F-16F7-4668-BE54-9A1E7A4F7556}") = "Sampler.CQRS.Service", "Sampler.CQRS.Service\Sampler.CQRS.Service.csproj", "{EACCF11E-215E-45AF-AA04-96DD66368C04}"
EndProject
Project("{FAE04EC0-301F-11D3-BF4B-00C04F79EFBC}") = "Sampler.CQRS.Service.Test", "Sampler.CQRS.Service.Test\Sampler.CQRS.Service.Test.csproj", "{B3E1E8E5-A8AC-49B4-8B60-34A1539DDB6C}"
EndProject
Global
	GlobalSection(SolutionConfigurationPlatforms) = preSolution
		Debug|Any CPU = Debug|Any CPU
		Release|Any CPU = Release|Any CPU
	EndGlobalSection
	GlobalSection(ProjectConfigurationPlatforms) = postSolution
		{1FD91CD4-938A-4786-BE1A-EEF0BB077944}.Debug|Any CPU.ActiveCfg = Debug|Any CPU
		{1FD91CD4-938A-4786-BE1A-EEF0BB077944}.Debug|Any CPU.Build.0 = Debug|Any CPU
		{1FD91CD4-938A-4786-BE1A-EEF0BB077944}.Release|Any CPU.ActiveCfg = Release|Any CPU
		{1FD91CD4-938A-4786-BE1A-EEF0BB077944}.Release|Any CPU.Build.0 = Release|Any CPU
		{C683AFDD-F62C-4634-91D8-D1152EE480BC}.Debug|Any CPU.ActiveCfg = Debug|Any CPU
		{C683AFDD-F62C-4634-91D8-D1152EE480BC}.Debug|Any CPU.Build.0 = Debug|Any CPU
		{C683AFDD-F62C-4634-91D8-D1152EE480BC}.Release|Any CPU.ActiveCfg = Release|Any CPU
		{C683AFDD-F62C-4634-91D8-D1152EE480BC}.Release|Any CPU.Build.0 = Release|Any CPU
		{44B5EC66-C77D-4C4C-A38F-6BD29D1D5915}.Debug|Any CPU.ActiveCfg = Debug|Any CPU
		{44B5EC66-C77D-4C4C-A38F-6BD29D1D5915}.Debug|Any CPU.Build.0 = Debug|Any CPU
		{44B5EC66-C77D-4C4C-A38F-6BD29D1D5915}.Release|Any CPU.ActiveCfg = Release|Any CPU
		{44B5EC66-C77D-4C4C-A38F-6BD29D1D5915}.Release|Any CPU.Build.0 = Release|Any CPU
		{5DF9A962-AFA7-4C15-8933-A03E01B093F4}.Debug|Any CPU.ActiveCfg = Debug|Any CPU
		{5DF9A962-AFA7-4C15-8933-A03E01B093F4}.Debug|Any CPU.Build.0 = Debug|Any CPU
		{5DF9A962-AFA7-4C15-8933-A03E01B093F4}.Release|Any CPU.ActiveCfg = Release|Any CPU
		{5DF9A962-AFA7-4C15-8933-A03E01B093F4}.Release|Any CPU.Build.0 = Release|Any CPU
		{06A28977-2886-4D08-8EED-CFF4D32794CE}.Debug|Any CPU.ActiveCfg = Debug|Any CPU
		{06A28977-2886-4D08-8EED-CFF4D32794CE}.Debug|Any CPU.Build.0 = Debug|Any CPU
		{06A28977-2886-4D08-8EED-CFF4D32794CE}.Release|Any CPU.ActiveCfg = Release|Any CPU
		{06A28977-2886-4D08-8EED-CFF4D32794CE}.Release|Any CPU.Build.0 = Release|Any CPU
		{EDA6451F-F0AC-4430-B2B9-2F8BD52D0BB7}.Debug|Any CPU.ActiveCfg = Debug|Any CPU
		{EDA6451F-F0AC-4430-B2B9-2F8BD52D0BB7}.Debug|Any CPU.Build.0 = Debug|Any CPU
		{EDA6451F-F0AC-4430-B2B9-2F8BD52D0BB7}.Release|Any CPU.ActiveCfg = Release|Any CPU
		{EDA6451F-F0AC-4430-B2B9-2F8BD52D0BB7}.Release|Any CPU.Build.0 = Release|Any CPU
		{6314D47B-FD94-42D8-948B-3BD507BE1EE3}.Debug|Any CPU.ActiveCfg = Debug|Any CPU
		{6314D47B-FD94-42D8-948B-3BD507BE1EE3}.Debug|Any CPU.Build.0 = Debug|Any CPU
		{6314D47B-FD94-42D8-948B-3BD507BE1EE3}.Release|Any CPU.ActiveCfg = Release|Any CPU
		{6314D47B-FD94-42D8-948B-3BD507BE1EE3}.Release|Any CPU.Build.0 = Release|Any CPU
		{81FF2DC0-3333-4CFF-85D9-6AE16E23C7CC}.Debug|Any CPU.ActiveCfg = Debug|Any CPU
		{81FF2DC0-3333-4CFF-85D9-6AE16E23C7CC}.Debug|Any CPU.Build.0 = Debug|Any CPU
		{81FF2DC0-3333-4CFF-85D9-6AE16E23C7CC}.Release|Any CPU.ActiveCfg = Release|Any CPU
		{81FF2DC0-3333-4CFF-85D9-6AE16E23C7CC}.Release|Any CPU.Build.0 = Release|Any CPU
		{CE6153EC-CDFF-42CA-986F-D791BF86F375}.Debug|Any CPU.ActiveCfg = Debug|Any CPU
		{CE6153EC-CDFF-42CA-986F-D791BF86F375}.Debug|Any CPU.Build.0 = Debug|Any CPU
		{CE6153EC-CDFF-42CA-986F-D791BF86F375}.Release|Any CPU.ActiveCfg = Release|Any CPU
		{CE6153EC-CDFF-42CA-986F-D791BF86F375}.Release|Any CPU.Build.0 = Release|Any CPU
		{91C67298-9300-4BC3-9376-8420B4B2E955}.Debug|Any CPU.ActiveCfg = Debug|Any CPU
		{91C67298-9300-4BC3-9376-8420B4B2E955}.Debug|Any CPU.Build.0 = Debug|Any CPU
		{91C67298-9300-4BC3-9376-8420B4B2E955}.Release|Any CPU.ActiveCfg = Release|Any CPU
		{91C67298-9300-4BC3-9376-8420B4B2E955}.Release|Any CPU.Build.0 = Release|Any CPU
		{2C49073A-B8CF-42B9-9BF9-2DC4D6CD219F}.Debug|Any CPU.ActiveCfg = Debug|Any CPU
		{2C49073A-B8CF-42B9-9BF9-2DC4D6CD219F}.Debug|Any CPU.Build.0 = Debug|Any CPU
		{2C49073A-B8CF-42B9-9BF9-2DC4D6CD219F}.Release|Any CPU.ActiveCfg = Release|Any CPU
		{2C49073A-B8CF-42B9-9BF9-2DC4D6CD219F}.Release|Any CPU.Build.0 = Release|Any CPU
		{48458855-E819-4744-ADF9-676D380E0AE8}.Debug|Any CPU.ActiveCfg = Debug|Any CPU
		{48458855-E819-4744-ADF9-676D380E0AE8}.Debug|Any CPU.Build.0 = Debug|Any CPU
		{48458855-E819-4744-ADF9-676D380E0AE8}.Release|Any CPU.ActiveCfg = Release|Any CPU
		{48458855-E819-4744-ADF9-676D380E0AE8}.Release|Any CPU.Build.0 = Release|Any CPU
		{4DB19A9A-AEBB-4024-B660-8F1DDCC6D459}.Debug|Any CPU.ActiveCfg = Debug|Any CPU
		{4DB19A9A-AEBB-4024-B660-8F1DDCC6D459}.Debug|Any CPU.Build.0 = Debug|Any CPU
		{4DB19A9A-AEBB-4024-B660-8F1DDCC6D459}.Release|Any CPU.ActiveCfg = Release|Any CPU
		{4DB19A9A-AEBB-4024-B660-8F1DDCC6D459}.Release|Any CPU.Build.0 = Release|Any CPU
		{33C69A7D-F49D-460F-A0C9-16A6E741BA9A}.Debug|Any CPU.ActiveCfg = Debug|Any CPU
		{33C69A7D-F49D-460F-A0C9-16A6E741BA9A}.Debug|Any CPU.Build.0 = Debug|Any CPU
		{33C69A7D-F49D-460F-A0C9-16A6E741BA9A}.Release|Any CPU.ActiveCfg = Release|Any CPU
		{33C69A7D-F49D-460F-A0C9-16A6E741BA9A}.Release|Any CPU.Build.0 = Release|Any CPU
		{EACCF11E-215E-45AF-AA04-96DD66368C04}.Debug|Any CPU.ActiveCfg = Debug|Any CPU
		{EACCF11E-215E-45AF-AA04-96DD66368C04}.Debug|Any CPU.Build.0 = Debug|Any CPU
		{EACCF11E-215E-45AF-AA04-96DD66368C04}.Release|Any CPU.ActiveCfg = Release|Any CPU
		{EACCF11E-215E-45AF-AA04-96DD66368C04}.Release|Any CPU.Build.0 = Release|Any CPU
		{B3E1E8E5-A8AC-49B4-8B60-34A1539DDB6C}.Debug|Any CPU.ActiveCfg = Debug|Any CPU
		{B3E1E8E5-A8AC-49B4-8B60-34A1539DDB6C}.Debug|Any CPU.Build.0 = Debug|Any CPU
		{B3E1E8E5-A8AC-49B4-8B60-34A1539DDB6C}.Release|Any CPU.ActiveCfg = Release|Any CPU
		{B3E1E8E5-A8AC-49B4-8B60-34A1539DDB6C}.Release|Any CPU.Build.0 = Release|Any CPU
	EndGlobalSection
	GlobalSection(SolutionProperties) = preSolution
		HideSolutionNode = FALSE
	EndGlobalSection
	GlobalSection(NestedProjects) = preSolution
		{1FD91CD4-938A-4786-BE1A-EEF0BB077944} = {0C61FA1B-8275-4837-9CC1-B7B17A9DA957}
		{C683AFDD-F62C-4634-91D8-D1152EE480BC} = {5C07F565-B8DE-4348-B965-B6E1151745CE}
		{44B5EC66-C77D-4C4C-A38F-6BD29D1D5915} = {0C61FA1B-8275-4837-9CC1-B7B17A9DA957}
		{5DF9A962-AFA7-4C15-8933-A03E01B093F4} = {D42062F2-55F5-46D5-B631-09FF06964A5A}
		{06A28977-2886-4D08-8EED-CFF4D32794CE} = {566E861A-2F31-46A0-B1C0-5317F2C368D3}
		{EDA6451F-F0AC-4430-B2B9-2F8BD52D0BB7} = {C47DE8E5-D6B1-4B17-91E4-E03944E0A9F9}
		{6314D47B-FD94-42D8-948B-3BD507BE1EE3} = {C47DE8E5-D6B1-4B17-91E4-E03944E0A9F9}
		{81FF2DC0-3333-4CFF-85D9-6AE16E23C7CC} = {D42062F2-55F5-46D5-B631-09FF06964A5A}
		{CE6153EC-CDFF-42CA-986F-D791BF86F375} = {566E861A-2F31-46A0-B1C0-5317F2C368D3}
		{91C67298-9300-4BC3-9376-8420B4B2E955} = {5C07F565-B8DE-4348-B965-B6E1151745CE}
		{2C49073A-B8CF-42B9-9BF9-2DC4D6CD219F} = {D93017C2-5F38-40EA-9E9D-6665336B0959}
		{48458855-E819-4744-ADF9-676D380E0AE8} = {D93017C2-5F38-40EA-9E9D-6665336B0959}
		{4DB19A9A-AEBB-4024-B660-8F1DDCC6D459} = {E18C9D92-C63F-414E-B6CB-BFDCDEE14CE9}
		{33C69A7D-F49D-460F-A0C9-16A6E741BA9A} = {E18C9D92-C63F-414E-B6CB-BFDCDEE14CE9}
		{EACCF11E-215E-45AF-AA04-96DD66368C04} = {523E4A88-9CA4-4A49-99B7-E765373AF9FA}
		{B3E1E8E5-A8AC-49B4-8B60-34A1539DDB6C} = {523E4A88-9CA4-4A49-99B7-E765373AF9FA}
	EndGlobalSection
	GlobalSection(ExtensibilityGlobals) = postSolution
		SolutionGuid = {43AEF230-A35D-46D0-8CA4-9D78C13E17A1}
	EndGlobalSection
EndGlobal
