
Microsoft Visual Studio Solution File, Format Version 12.00
# Visual Studio 2012
Project("{FAE04EC0-301F-11D3-BF4B-00C04F79EFBC}") = "Sampler.CQRS.Core", "Sampler.CQRS.Core\Sampler.CQRS.Core.csproj", "{1FD91CD4-938A-4786-BE1A-EEF0BB077944}"
EndProject
Project("{2150E333-8FDC-42A3-9474-1A3956D46DE8}") = "001.Core", "001.Core", "{0C61FA1B-8275-4837-9CC1-B7B17A9DA957}"
EndProject
Project("{2150E333-8FDC-42A3-9474-1A3956D46DE8}") = "005.Web", "005.Web", "{5C07F565-B8DE-4348-B965-B6E1151745CE}"
EndProject
Project("{FAE04EC0-301F-11D3-BF4B-00C04F79EFBC}") = "Sampler.CQRS.Web", "Sampler.CQRS.Web\Sampler.CQRS.Web.csproj", "{C683AFDD-F62C-4634-91D8-D1152EE480BC}"
EndProject
Project("{FAE04EC0-301F-11D3-BF4B-00C04F79EFBC}") = "Sampler.CQRS.Core.Tests", "Sampler.CQRS.Core.Tests\Sampler.CQRS.Core.Tests.csproj", "{44B5EC66-C77D-4C4C-A38F-6BD29D1D5915}"
EndProject
Project("{2150E333-8FDC-42A3-9474-1A3956D46DE8}") = "003.Data", "003.Data", "{D42062F2-55F5-46D5-B631-09FF06964A5A}"
EndProject
Project("{FAE04EC0-301F-11D3-BF4B-00C04F79EFBC}") = "Sampler.CQRS.Data", "Sampler.CQRS.Data\Sampler.CQRS.Data.csproj", "{5DF9A962-AFA7-4C15-8933-A03E01B093F4}"
EndProject
Project("{2150E333-8FDC-42A3-9474-1A3956D46DE8}") = "004.Migrations", "004.Migrations", "{566E861A-2F31-46A0-B1C0-5317F2C368D3}"
EndProject
Project("{FAE04EC0-301F-11D3-BF4B-00C04F79EFBC}") = "Sampler.CQRS.Migrations", "Sampler.CQRS.Migrations\Sampler.CQRS.Migrations.csproj", "{06A28977-2886-4D08-8EED-CFF4D32794CE}"
EndProject
Project("{2150E333-8FDC-42A3-9474-1A3956D46DE8}") = "002.Source", "002.Source", "{C47DE8E5-D6B1-4B17-91E4-E03944E0A9F9}"
EndProject
Project("{FAE04EC0-301F-11D3-BF4B-00C04F79EFBC}") = "Sampler.CQRS.Source", "Sampler.CQRS.Source\Sampler.CQRS.Source.csproj", "{EDA6451F-F0AC-4430-B2B9-2F8BD52D0BB7}"
EndProject
Project("{FAE04EC0-301F-11D3-BF4B-00C04F79EFBC}") = "Sampler.CQRS.Source.Test", "Sampler.CQRS.Source.Test\Sampler.CQRS.Source.Test.csproj", "{6314D47B-FD94-42D8-948B-3BD507BE1EE3}"
EndProject
Project("{FAE04EC0-301F-11D3-BF4B-00C04F79EFBC}") = "Sampler.CQRS.Data.Test", "Sampler.CQRS.Data.Test\Sampler.CQRS.Data.Test.csproj", "{81FF2DC0-3333-4CFF-85D9-6AE16E23C7CC}"
EndProject
Project("{FAE04EC0-301F-11D3-BF4B-00C04F79EFBC}") = "Sampler.CQRS.Migrations.Test", "Sampler.CQRS.Migrations.Test\Sampler.CQRS.Migrations.Test.csproj", "{CE6153EC-CDFF-42CA-986F-D791BF86F375}"
EndProject
Project("{FAE04EC0-301F-11D3-BF4B-00C04F79EFBC}") = "Sampler.CQRS.Web.Test", "Sampler.CQRS.Web.Test\Sampler.CQRS.Web.Test.csproj", "{91C67298-9300-4BC3-9376-8420B4B2E955}"
EndProject
Global
	GlobalSection(SolutionConfigurationPlatforms) = preSolution
		Debug|Any CPU = Debug|Any CPU
		Release|Any CPU = Release|Any CPU
	EndGlobalSection
	GlobalSection(ProjectConfigurationPlatforms) = postSolution
		{1FD91CD4-938A-4786-BE1A-EEF0BB077944}.Debug|Any CPU.ActiveCfg = Debug|Any CPU
		{1FD91CD4-938A-4786-BE1A-EEF0BB077944}.Debug|Any CPU.Build.0 = Debug|Any CPU
		{1FD91CD4-938A-4786-BE1A-EEF0BB077944}.Release|Any CPU.ActiveCfg = Release|Any CPU
		{1FD91CD4-938A-4786-BE1A-EEF0BB077944}.Release|Any CPU.Build.0 = Release|Any CPU
		{C683AFDD-F62C-4634-91D8-D1152EE480BC}.Debug|Any CPU.ActiveCfg = Debug|Any CPU
		{C683AFDD-F62C-4634-91D8-D1152EE480BC}.Debug|Any CPU.Build.0 = Debug|Any CPU
		{C683AFDD-F62C-4634-91D8-D1152EE480BC}.Release|Any CPU.ActiveCfg = Release|Any CPU
		{C683AFDD-F62C-4634-91D8-D1152EE480BC}.Release|Any CPU.Build.0 = Release|Any CPU
		{44B5EC66-C77D-4C4C-A38F-6BD29D1D5915}.Debug|Any CPU.ActiveCfg = Debug|Any CPU
		{44B5EC66-C77D-4C4C-A38F-6BD29D1D5915}.Debug|Any CPU.Build.0 = Debug|Any CPU
		{44B5EC66-C77D-4C4C-A38F-6BD29D1D5915}.Release|Any CPU.ActiveCfg = Release|Any CPU
		{44B5EC66-C77D-4C4C-A38F-6BD29D1D5915}.Release|Any CPU.Build.0 = Release|Any CPU
		{5DF9A962-AFA7-4C15-8933-A03E01B093F4}.Debug|Any CPU.ActiveCfg = Debug|Any CPU
		{5DF9A962-AFA7-4C15-8933-A03E01B093F4}.Debug|Any CPU.Build.0 = Debug|Any CPU
		{5DF9A962-AFA7-4C15-8933-A03E01B093F4}.Release|Any CPU.ActiveCfg = Release|Any CPU
		{5DF9A962-AFA7-4C15-8933-A03E01B093F4}.Release|Any CPU.Build.0 = Release|Any CPU
		{06A28977-2886-4D08-8EED-CFF4D32794CE}.Debug|Any CPU.ActiveCfg = Debug|Any CPU
		{06A28977-2886-4D08-8EED-CFF4D32794CE}.Debug|Any CPU.Build.0 = Debug|Any CPU
		{06A28977-2886-4D08-8EED-CFF4D32794CE}.Release|Any CPU.ActiveCfg = Release|Any CPU
		{06A28977-2886-4D08-8EED-CFF4D32794CE}.Release|Any CPU.Build.0 = Release|Any CPU
		{EDA6451F-F0AC-4430-B2B9-2F8BD52D0BB7}.Debug|Any CPU.ActiveCfg = Debug|Any CPU
		{EDA6451F-F0AC-4430-B2B9-2F8BD52D0BB7}.Debug|Any CPU.Build.0 = Debug|Any CPU
		{EDA6451F-F0AC-4430-B2B9-2F8BD52D0BB7}.Release|Any CPU.ActiveCfg = Release|Any CPU
		{EDA6451F-F0AC-4430-B2B9-2F8BD52D0BB7}.Release|Any CPU.Build.0 = Release|Any CPU
		{6314D47B-FD94-42D8-948B-3BD507BE1EE3}.Debug|Any CPU.ActiveCfg = Debug|Any CPU
		{6314D47B-FD94-42D8-948B-3BD507BE1EE3}.Debug|Any CPU.Build.0 = Debug|Any CPU
		{6314D47B-FD94-42D8-948B-3BD507BE1EE3}.Release|Any CPU.ActiveCfg = Release|Any CPU
		{6314D47B-FD94-42D8-948B-3BD507BE1EE3}.Release|Any CPU.Build.0 = Release|Any CPU
		{81FF2DC0-3333-4CFF-85D9-6AE16E23C7CC}.Debug|Any CPU.ActiveCfg = Debug|Any CPU
		{81FF2DC0-3333-4CFF-85D9-6AE16E23C7CC}.Debug|Any CPU.Build.0 = Debug|Any CPU
		{81FF2DC0-3333-4CFF-85D9-6AE16E23C7CC}.Release|Any CPU.ActiveCfg = Release|Any CPU
		{81FF2DC0-3333-4CFF-85D9-6AE16E23C7CC}.Release|Any CPU.Build.0 = Release|Any CPU
		{CE6153EC-CDFF-42CA-986F-D791BF86F375}.Debug|Any CPU.ActiveCfg = Debug|Any CPU
		{CE6153EC-CDFF-42CA-986F-D791BF86F375}.Debug|Any CPU.Build.0 = Debug|Any CPU
		{CE6153EC-CDFF-42CA-986F-D791BF86F375}.Release|Any CPU.ActiveCfg = Release|Any CPU
		{CE6153EC-CDFF-42CA-986F-D791BF86F375}.Release|Any CPU.Build.0 = Release|Any CPU
		{91C67298-9300-4BC3-9376-8420B4B2E955}.Debug|Any CPU.ActiveCfg = Debug|Any CPU
		{91C67298-9300-4BC3-9376-8420B4B2E955}.Debug|Any CPU.Build.0 = Debug|Any CPU
		{91C67298-9300-4BC3-9376-8420B4B2E955}.Release|Any CPU.ActiveCfg = Release|Any CPU
		{91C67298-9300-4BC3-9376-8420B4B2E955}.Release|Any CPU.Build.0 = Release|Any CPU
	EndGlobalSection
	GlobalSection(NestedProjects) = preSolution
		{1FD91CD4-938A-4786-BE1A-EEF0BB077944} = {0C61FA1B-8275-4837-9CC1-B7B17A9DA957}
		{C683AFDD-F62C-4634-91D8-D1152EE480BC} = {5C07F565-B8DE-4348-B965-B6E1151745CE}
		{44B5EC66-C77D-4C4C-A38F-6BD29D1D5915} = {0C61FA1B-8275-4837-9CC1-B7B17A9DA957}
		{5DF9A962-AFA7-4C15-8933-A03E01B093F4} = {D42062F2-55F5-46D5-B631-09FF06964A5A}
		{06A28977-2886-4D08-8EED-CFF4D32794CE} = {566E861A-2F31-46A0-B1C0-5317F2C368D3}
		{EDA6451F-F0AC-4430-B2B9-2F8BD52D0BB7} = {C47DE8E5-D6B1-4B17-91E4-E03944E0A9F9}
		{6314D47B-FD94-42D8-948B-3BD507BE1EE3} = {C47DE8E5-D6B1-4B17-91E4-E03944E0A9F9}
		{81FF2DC0-3333-4CFF-85D9-6AE16E23C7CC} = {D42062F2-55F5-46D5-B631-09FF06964A5A}
		{CE6153EC-CDFF-42CA-986F-D791BF86F375} = {566E861A-2F31-46A0-B1C0-5317F2C368D3}
		{91C67298-9300-4BC3-9376-8420B4B2E955} = {5C07F565-B8DE-4348-B965-B6E1151745CE}
	EndGlobalSection
EndGlobal
